
Microsoft Visual Studio Solution File, Format Version 12.00
# Visual Studio 15
VisualStudioVersion = 15.0.27703.2042
MinimumVisualStudioVersion = 10.0.40219.1
Project("{FAE04EC0-301F-11D3-BF4B-00C04F79EFBC}") = "HpaScreenSaver", "HpaScreenSaver\HpaScreenSaver.csproj", "{E2900F36-F43F-41ED-B8C9-51FE71069231}"
EndProject
Project("{F2A71F9B-5D33-465A-A702-920D77279786}") = "HpaClient", "HpaClient\HpaClient.fsproj", "{54913D8C-7F09-4B0E-AFA6-E417A74B29D2}"
EndProject
Global
	GlobalSection(SolutionConfigurationPlatforms) = preSolution
		Debug|Any CPU = Debug|Any CPU
		Release|Any CPU = Release|Any CPU
	EndGlobalSection
	GlobalSection(ProjectConfigurationPlatforms) = postSolution
		{E2900F36-F43F-41ED-B8C9-51FE71069231}.Debug|Any CPU.ActiveCfg = Debug|Any CPU
		{E2900F36-F43F-41ED-B8C9-51FE71069231}.Debug|Any CPU.Build.0 = Debug|Any CPU
		{E2900F36-F43F-41ED-B8C9-51FE71069231}.Release|Any CPU.ActiveCfg = Release|Any CPU
		{E2900F36-F43F-41ED-B8C9-51FE71069231}.Release|Any CPU.Build.0 = Release|Any CPU
		{54913D8C-7F09-4B0E-AFA6-E417A74B29D2}.Debug|Any CPU.ActiveCfg = Debug|Any CPU
		{54913D8C-7F09-4B0E-AFA6-E417A74B29D2}.Debug|Any CPU.Build.0 = Debug|Any CPU
		{54913D8C-7F09-4B0E-AFA6-E417A74B29D2}.Release|Any CPU.ActiveCfg = Release|Any CPU
		{54913D8C-7F09-4B0E-AFA6-E417A74B29D2}.Release|Any CPU.Build.0 = Release|Any CPU
	EndGlobalSection
	GlobalSection(SolutionProperties) = preSolution
		HideSolutionNode = FALSE
	EndGlobalSection
	GlobalSection(ExtensibilityGlobals) = postSolution
		SolutionGuid = {2F7F26FC-9CE8-47A6-92CD-743525F8B1CA}
	EndGlobalSection
EndGlobal
